
Microsoft Visual Studio Solution File, Format Version 12.00
Project("{FAE04EC0-301F-11D3-BF4B-00C04F79EFBC}") = "Guilded Notifications", "Guilded Notifications\Guilded Notifications.csproj", "{C602A71C-2096-4D78-988A-ED0C585283FB}"
EndProject
Global
	GlobalSection(SolutionConfigurationPlatforms) = preSolution
		Debug|Any CPU = Debug|Any CPU
		Release|Any CPU = Release|Any CPU
	EndGlobalSection
	GlobalSection(ProjectConfigurationPlatforms) = postSolution
		{C602A71C-2096-4D78-988A-ED0C585283FB}.Debug|Any CPU.ActiveCfg = Debug|Any CPU
		{C602A71C-2096-4D78-988A-ED0C585283FB}.Debug|Any CPU.Build.0 = Debug|Any CPU
		{C602A71C-2096-4D78-988A-ED0C585283FB}.Release|Any CPU.ActiveCfg = Release|Any CPU
		{C602A71C-2096-4D78-988A-ED0C585283FB}.Release|Any CPU.Build.0 = Release|Any CPU
	EndGlobalSection
EndGlobal
